// !$*UTF8*$!
{
	archiveVersion = 1;
	classes = {
	};
	objectVersion = 50;
	objects = {

/* Begin PBXBuildFile section */
		1843E5DB21B1AF710008AFD6 /* AppDelegate.swift in Sources */ = {isa = PBXBuildFile; fileRef = 1843E5DA21B1AF710008AFD6 /* AppDelegate.swift */; };
		1843E5DD21B1AF710008AFD6 /* ScrollViewExample.swift in Sources */ = {isa = PBXBuildFile; fileRef = 1843E5DC21B1AF710008AFD6 /* ScrollViewExample.swift */; };
		1843E5E221B1AF720008AFD6 /* Assets.xcassets in Resources */ = {isa = PBXBuildFile; fileRef = 1843E5E121B1AF720008AFD6 /* Assets.xcassets */; };
		1843E5E521B1AF720008AFD6 /* LaunchScreen.storyboard in Resources */ = {isa = PBXBuildFile; fileRef = 1843E5E321B1AF720008AFD6 /* LaunchScreen.storyboard */; };
		18D9F99721B3C8B700839757 /* Main.storyboard in Resources */ = {isa = PBXBuildFile; fileRef = 18D9F99521B3C8B700839757 /* Main.storyboard */; };
/* End PBXBuildFile section */

/* Begin PBXContainerItemProxy section */
		1839E40F21B628320049E45A /* PBXContainerItemProxy */ = {
			isa = PBXContainerItemProxy;
			containerPortal = 1839E40B21B628320049E45A /* SwiftScrollViews.xcodeproj */;
			proxyType = 2;
			remoteGlobalIDString = 1843E5C121B1A94F0008AFD6;
			remoteInfo = SwiftScrollViews;
		};
/* End PBXContainerItemProxy section */

/* Begin PBXCopyFilesBuildPhase section */
		18D9F99421B3C88800839757 /* Embed Frameworks */ = {
			isa = PBXCopyFilesBuildPhase;
			buildActionMask = 2147483647;
			dstPath = "";
			dstSubfolderSpec = 10;
			files = (
			);
			name = "Embed Frameworks";
			runOnlyForDeploymentPostprocessing = 0;
		};
/* End PBXCopyFilesBuildPhase section */

/* Begin PBXFileReference section */
		1839E40B21B628320049E45A /* SwiftScrollViews.xcodeproj */ = {isa = PBXFileReference; lastKnownFileType = "wrapper.pb-project"; name = SwiftScrollViews.xcodeproj; path = ../SwiftScrollViews/SwiftScrollViews.xcodeproj; sourceTree = "<group>"; };
		1843E5D721B1AF710008AFD6 /* SwiftScrollViewExample.app */ = {isa = PBXFileReference; explicitFileType = wrapper.application; includeInIndex = 0; path = SwiftScrollViewExample.app; sourceTree = BUILT_PRODUCTS_DIR; };
		1843E5DA21B1AF710008AFD6 /* AppDelegate.swift */ = {isa = PBXFileReference; lastKnownFileType = sourcecode.swift; path = AppDelegate.swift; sourceTree = "<group>"; };
		1843E5DC21B1AF710008AFD6 /* ScrollViewExample.swift */ = {isa = PBXFileReference; lastKnownFileType = sourcecode.swift; path = ScrollViewExample.swift; sourceTree = "<group>"; };
		1843E5E121B1AF720008AFD6 /* Assets.xcassets */ = {isa = PBXFileReference; lastKnownFileType = folder.assetcatalog; path = Assets.xcassets; sourceTree = "<group>"; };
		1843E5E421B1AF720008AFD6 /* Base */ = {isa = PBXFileReference; lastKnownFileType = file.storyboard; name = Base; path = Base.lproj/LaunchScreen.storyboard; sourceTree = "<group>"; };
		1843E5E621B1AF720008AFD6 /* Info.plist */ = {isa = PBXFileReference; lastKnownFileType = text.plist.xml; path = Info.plist; sourceTree = "<group>"; };
		18D9F97121B3ABC900839757 /* SwiftScrollViews.framework */ = {isa = PBXFileReference; explicitFileType = wrapper.framework; path = SwiftScrollViews.framework; sourceTree = BUILT_PRODUCTS_DIR; };
		18D9F99621B3C8B700839757 /* Base */ = {isa = PBXFileReference; lastKnownFileType = file.storyboard; name = Base; path = Base.lproj/Main.storyboard; sourceTree = "<group>"; };
/* End PBXFileReference section */

/* Begin PBXFrameworksBuildPhase section */
		1843E5D421B1AF710008AFD6 /* Frameworks */ = {
			isa = PBXFrameworksBuildPhase;
			buildActionMask = 2147483647;
			files = (
			);
			runOnlyForDeploymentPostprocessing = 0;
		};
/* End PBXFrameworksBuildPhase section */

/* Begin PBXGroup section */
		1839E40C21B628320049E45A /* Products */ = {
			isa = PBXGroup;
			children = (
				1839E41021B628320049E45A /* SwiftScrollViews.framework */,
			);
			name = Products;
			sourceTree = "<group>";
		};
		1843E5CE21B1AF710008AFD6 = {
			isa = PBXGroup;
			children = (
				1839E40B21B628320049E45A /* SwiftScrollViews.xcodeproj */,
				1843E5D921B1AF710008AFD6 /* SwiftScrollViewExample */,
				1843E5D821B1AF710008AFD6 /* Products */,
				18D9F97021B3ABC900839757 /* Frameworks */,
			);
			sourceTree = "<group>";
		};
		1843E5D821B1AF710008AFD6 /* Products */ = {
			isa = PBXGroup;
			children = (
				1843E5D721B1AF710008AFD6 /* SwiftScrollViewExample.app */,
			);
			name = Products;
			sourceTree = "<group>";
		};
		1843E5D921B1AF710008AFD6 /* SwiftScrollViewExample */ = {
			isa = PBXGroup;
			children = (
				1843E5DA21B1AF710008AFD6 /* AppDelegate.swift */,
				1843E5DC21B1AF710008AFD6 /* ScrollViewExample.swift */,
				18D9F99521B3C8B700839757 /* Main.storyboard */,
				1843E5E321B1AF720008AFD6 /* LaunchScreen.storyboard */,
				1843E5E121B1AF720008AFD6 /* Assets.xcassets */,
				1843E5E621B1AF720008AFD6 /* Info.plist */,
			);
			path = SwiftScrollViewExample;
			sourceTree = "<group>";
		};
		18D9F97021B3ABC900839757 /* Frameworks */ = {
			isa = PBXGroup;
			children = (
				18D9F97121B3ABC900839757 /* SwiftScrollViews.framework */,
			);
			name = Frameworks;
			sourceTree = "<group>";
		};
/* End PBXGroup section */

/* Begin PBXNativeTarget section */
		1843E5D621B1AF710008AFD6 /* SwiftScrollViewExample */ = {
			isa = PBXNativeTarget;
			buildConfigurationList = 1843E5E921B1AF720008AFD6 /* Build configuration list for PBXNativeTarget "SwiftScrollViewExample" */;
			buildPhases = (
				1843E5D321B1AF710008AFD6 /* Sources */,
				1843E5D421B1AF710008AFD6 /* Frameworks */,
				1843E5D521B1AF710008AFD6 /* Resources */,
				18D9F99421B3C88800839757 /* Embed Frameworks */,
			);
			buildRules = (
			);
			dependencies = (
			);
			name = SwiftScrollViewExample;
			productName = SwiftScrollViewExample;
			productReference = 1843E5D721B1AF710008AFD6 /* SwiftScrollViewExample.app */;
			productType = "com.apple.product-type.application";
		};
/* End PBXNativeTarget section */

/* Begin PBXProject section */
		1843E5CF21B1AF710008AFD6 /* Project object */ = {
			isa = PBXProject;
			attributes = {
				LastSwiftUpdateCheck = 1010;
				LastUpgradeCheck = 1010;
				ORGANIZATIONNAME = "Rajamohan-S";
				TargetAttributes = {
					1843E5D621B1AF710008AFD6 = {
						CreatedOnToolsVersion = 10.1;
					};
				};
			};
			buildConfigurationList = 1843E5D221B1AF710008AFD6 /* Build configuration list for PBXProject "SwiftScrollViewExample" */;
			compatibilityVersion = "Xcode 9.3";
			developmentRegion = en;
			hasScannedForEncodings = 0;
			knownRegions = (
				en,
				Base,
			);
			mainGroup = 1843E5CE21B1AF710008AFD6;
			productRefGroup = 1843E5D821B1AF710008AFD6 /* Products */;
			projectDirPath = "";
			projectReferences = (
				{
					ProductGroup = 1839E40C21B628320049E45A /* Products */;
					ProjectRef = 1839E40B21B628320049E45A /* SwiftScrollViews.xcodeproj */;
				},
			);
			projectRoot = "";
			targets = (
				1843E5D621B1AF710008AFD6 /* SwiftScrollViewExample */,
			);
		};
/* End PBXProject section */

/* Begin PBXReferenceProxy section */
		1839E41021B628320049E45A /* SwiftScrollViews.framework */ = {
			isa = PBXReferenceProxy;
			fileType = wrapper.framework;
			path = SwiftScrollViews.framework;
			remoteRef = 1839E40F21B628320049E45A /* PBXContainerItemProxy */;
			sourceTree = BUILT_PRODUCTS_DIR;
		};
/* End PBXReferenceProxy section */

/* Begin PBXResourcesBuildPhase section */
		1843E5D521B1AF710008AFD6 /* Resources */ = {
			isa = PBXResourcesBuildPhase;
			buildActionMask = 2147483647;
			files = (
				18D9F99721B3C8B700839757 /* Main.storyboard in Resources */,
				1843E5E521B1AF720008AFD6 /* LaunchScreen.storyboard in Resources */,
				1843E5E221B1AF720008AFD6 /* Assets.xcassets in Resources */,
			);
			runOnlyForDeploymentPostprocessing = 0;
		};
/* End PBXResourcesBuildPhase section */

/* Begin PBXSourcesBuildPhase section */
		1843E5D321B1AF710008AFD6 /* Sources */ = {
			isa = PBXSourcesBuildPhase;
			buildActionMask = 2147483647;
			files = (
				1843E5DD21B1AF710008AFD6 /* ScrollViewExample.swift in Sources */,
				1843E5DB21B1AF710008AFD6 /* AppDelegate.swift in Sources */,
			);
			runOnlyForDeploymentPostprocessing = 0;
		};
/* End PBXSourcesBuildPhase section */

/* Begin PBXVariantGroup section */
		1843E5E321B1AF720008AFD6 /* LaunchScreen.storyboard */ = {
			isa = PBXVariantGroup;
			children = (
				1843E5E421B1AF720008AFD6 /* Base */,
			);
			name = LaunchScreen.storyboard;
			sourceTree = "<group>";
		};
		18D9F99521B3C8B700839757 /* Main.storyboard */ = {
			isa = PBXVariantGroup;
			children = (
				18D9F99621B3C8B700839757 /* Base */,
			);
			name = Main.storyboard;
			sourceTree = "<group>";
		};
/* End PBXVariantGroup section */

/* Begin XCBuildConfiguration section */
		1843E5E721B1AF720008AFD6 /* Debug */ = {
			isa = XCBuildConfiguration;
			buildSettings = {
				ALWAYS_SEARCH_USER_PATHS = NO;
				CLANG_ANALYZER_NONNULL = YES;
				CLANG_ANALYZER_NUMBER_OBJECT_CONVERSION = YES_AGGRESSIVE;
				CLANG_CXX_LANGUAGE_STANDARD = "gnu++14";
				CLANG_CXX_LIBRARY = "libc++";
				CLANG_ENABLE_MODULES = YES;
				CLANG_ENABLE_OBJC_ARC = YES;
				CLANG_ENABLE_OBJC_WEAK = YES;
				CLANG_WARN_BLOCK_CAPTURE_AUTORELEASING = YES;
				CLANG_WARN_BOOL_CONVERSION = YES;
				CLANG_WARN_COMMA = YES;
				CLANG_WARN_CONSTANT_CONVERSION = YES;
				CLANG_WARN_DEPRECATED_OBJC_IMPLEMENTATIONS = YES;
				CLANG_WARN_DIRECT_OBJC_ISA_USAGE = YES_ERROR;
				CLANG_WARN_DOCUMENTATION_COMMENTS = YES;
				CLANG_WARN_EMPTY_BODY = YES;
				CLANG_WARN_ENUM_CONVERSION = YES;
				CLANG_WARN_INFINITE_RECURSION = YES;
				CLANG_WARN_INT_CONVERSION = YES;
				CLANG_WARN_NON_LITERAL_NULL_CONVERSION = YES;
				CLANG_WARN_OBJC_IMPLICIT_RETAIN_SELF = YES;
				CLANG_WARN_OBJC_LITERAL_CONVERSION = YES;
				CLANG_WARN_OBJC_ROOT_CLASS = YES_ERROR;
				CLANG_WARN_RANGE_LOOP_ANALYSIS = YES;
				CLANG_WARN_STRICT_PROTOTYPES = YES;
				CLANG_WARN_SUSPICIOUS_MOVE = YES;
				CLANG_WARN_UNGUARDED_AVAILABILITY = YES_AGGRESSIVE;
				CLANG_WARN_UNREACHABLE_CODE = YES;
				CLANG_WARN__DUPLICATE_METHOD_MATCH = YES;
				CODE_SIGN_IDENTITY = "iPhone Developer";
				COPY_PHASE_STRIP = NO;
				DEBUG_INFORMATION_FORMAT = dwarf;
				ENABLE_STRICT_OBJC_MSGSEND = YES;
				ENABLE_TESTABILITY = YES;
				GCC_C_LANGUAGE_STANDARD = gnu11;
				GCC_DYNAMIC_NO_PIC = NO;
				GCC_NO_COMMON_BLOCKS = YES;
				GCC_OPTIMIZATION_LEVEL = 0;
				GCC_PREPROCESSOR_DEFINITIONS = (
					"DEBUG=1",
					"$(inherited)",
				);
				GCC_WARN_64_TO_32_BIT_CONVERSION = YES;
				GCC_WARN_ABOUT_RETURN_TYPE = YES_ERROR;
				GCC_WARN_UNDECLARED_SELECTOR = YES;
				GCC_WARN_UNINITIALIZED_AUTOS = YES_AGGRESSIVE;
				GCC_WARN_UNUSED_FUNCTION = YES;
				GCC_WARN_UNUSED_VARIABLE = YES;
				IPHONEOS_DEPLOYMENT_TARGET = 12.1;
				MTL_ENABLE_DEBUG_INFO = INCLUDE_SOURCE;
				MTL_FAST_MATH = YES;
				ONLY_ACTIVE_ARCH = YES;
				SDKROOT = iphoneos;
				SWIFT_ACTIVE_COMPILATION_CONDITIONS = DEBUG;
				SWIFT_OPTIMIZATION_LEVEL = "-Onone";
			};
			name = Debug;
		};
		1843E5E821B1AF720008AFD6 /* Release */ = {
			isa = XCBuildConfiguration;
			buildSettings = {
				ALWAYS_SEARCH_USER_PATHS = NO;
				CLANG_ANALYZER_NONNULL = YES;
				CLANG_ANALYZER_NUMBER_OBJECT_CONVERSION = YES_AGGRESSIVE;
				CLANG_CXX_LANGUAGE_STANDARD = "gnu++14";
				CLANG_CXX_LIBRARY = "libc++";
				CLANG_ENABLE_MODULES = YES;
				CLANG_ENABLE_OBJC_ARC = YES;
				CLANG_ENABLE_OBJC_WEAK = YES;
				CLANG_WARN_BLOCK_CAPTURE_AUTORELEASING = YES;
				CLANG_WARN_BOOL_CONVERSION = YES;
				CLANG_WARN_COMMA = YES;
				CLANG_WARN_CONSTANT_CONVERSION = YES;
				CLANG_WARN_DEPRECATED_OBJC_IMPLEMENTATIONS = YES;
				CLANG_WARN_DIRECT_OBJC_ISA_USAGE = YES_ERROR;
				CLANG_WARN_DOCUMENTATION_COMMENTS = YES;
				CLANG_WARN_EMPTY_BODY = YES;
				CLANG_WARN_ENUM_CONVERSION = YES;
				CLANG_WARN_INFINITE_RECURSION = YES;
				CLANG_WARN_INT_CONVERSION = YES;
				CLANG_WARN_NON_LITERAL_NULL_CONVERSION = YES;
				CLANG_WARN_OBJC_IMPLICIT_RETAIN_SELF = YES;
				CLANG_WARN_OBJC_LITERAL_CONVERSION = YES;
				CLANG_WARN_OBJC_ROOT_CLASS = YES_ERROR;
				CLANG_WARN_RANGE_LOOP_ANALYSIS = YES;
				CLANG_WARN_STRICT_PROTOTYPES = YES;
				CLANG_WARN_SUSPICIOUS_MOVE = YES;
				CLANG_WARN_UNGUARDED_AVAILABILITY = YES_AGGRESSIVE;
				CLANG_WARN_UNREACHABLE_CODE = YES;
				CLANG_WARN__DUPLICATE_METHOD_MATCH = YES;
				CODE_SIGN_IDENTITY = "iPhone Developer";
				COPY_PHASE_STRIP = NO;
				DEBUG_INFORMATION_FORMAT = "dwarf-with-dsym";
				ENABLE_NS_ASSERTIONS = NO;
				ENABLE_STRICT_OBJC_MSGSEND = YES;
				GCC_C_LANGUAGE_STANDARD = gnu11;
				GCC_NO_COMMON_BLOCKS = YES;
				GCC_WARN_64_TO_32_BIT_CONVERSION = YES;
				GCC_WARN_ABOUT_RETURN_TYPE = YES_ERROR;
				GCC_WARN_UNDECLARED_SELECTOR = YES;
				GCC_WARN_UNINITIALIZED_AUTOS = YES_AGGRESSIVE;
				GCC_WARN_UNUSED_FUNCTION = YES;
				GCC_WARN_UNUSED_VARIABLE = YES;
				IPHONEOS_DEPLOYMENT_TARGET = 12.1;
				MTL_ENABLE_DEBUG_INFO = NO;
				MTL_FAST_MATH = YES;
				SDKROOT = iphoneos;
				SWIFT_COMPILATION_MODE = wholemodule;
				SWIFT_OPTIMIZATION_LEVEL = "-O";
				VALIDATE_PRODUCT = YES;
			};
			name = Release;
		};
		1843E5EA21B1AF720008AFD6 /* Debug */ = {
			isa = XCBuildConfiguration;
			buildSettings = {
				ALWAYS_EMBED_SWIFT_STANDARD_LIBRARIES = YES;
				ASSETCATALOG_COMPILER_APPICON_NAME = AppIcon;
				CODE_SIGN_STYLE = Automatic;
				INFOPLIST_FILE = SwiftScrollViewExample/Info.plist;
				LD_RUNPATH_SEARCH_PATHS = (
					"$(inherited)",
					"@executable_path/Frameworks",
				);
				PRODUCT_BUNDLE_IDENTIFIER = "rajamohan-s.com.SwiftScrollViewExample";
				PRODUCT_NAME = "$(TARGET_NAME)";
				SWIFT_VERSION = 4.2;
				TARGETED_DEVICE_FAMILY = "1,2";
			};
			name = Debug;
		};
		1843E5EB21B1AF720008AFD6 /* Release */ = {
			isa = XCBuildConfiguration;
			buildSettings = {
				ALWAYS_EMBED_SWIFT_STANDARD_LIBRARIES = YES;
				ASSETCATALOG_COMPILER_APPICON_NAME = AppIcon;
				CODE_SIGN_STYLE = Automatic;
				INFOPLIST_FILE = SwiftScrollViewExample/Info.plist;
				LD_RUNPATH_SEARCH_PATHS = (
					"$(inherited)",
					"@executable_path/Frameworks",
				);
				PRODUCT_BUNDLE_IDENTIFIER = "rajamohan-s.com.SwiftScrollViewExample";
				PRODUCT_NAME = "$(TARGET_NAME)";
				SWIFT_VERSION = 4.2;
				TARGETED_DEVICE_FAMILY = "1,2";
			};
			name = Release;
		};
/* End XCBuildConfiguration section */

/* Begin XCConfigurationList section */
		1843E5D221B1AF710008AFD6 /* Build configuration list for PBXProject "SwiftScrollViewExample" */ = {
			isa = XCConfigurationList;
			buildConfigurations = (
				1843E5E721B1AF720008AFD6 /* Debug */,
				1843E5E821B1AF720008AFD6 /* Release */,
			);
			defaultConfigurationIsVisible = 0;
			defaultConfigurationName = Release;
		};
		1843E5E921B1AF720008AFD6 /* Build configuration list for PBXNativeTarget "SwiftScrollViewExample" */ = {
			isa = XCConfigurationList;
			buildConfigurations = (
				1843E5EA21B1AF720008AFD6 /* Debug */,
				1843E5EB21B1AF720008AFD6 /* Release */,
			);
			defaultConfigurationIsVisible = 0;
			defaultConfigurationName = Release;
		};
/* End XCConfigurationList section */
	};
	rootObject = 1843E5CF21B1AF710008AFD6 /* Project object */;
}
